
Microsoft Visual Studio Solution File, Format Version 12.00
# Visual Studio Version 17
VisualStudioVersion = 17.8.34004.107
MinimumVisualStudioVersion = 10.0.40219.1
Project("{FAE04EC0-301F-11D3-BF4B-00C04F79EFBC}") = "RealEstate_Dapper_Api", "RealEstate_Dapper_Api\RealEstate_Dapper_Api.csproj", "{F9EF970F-5B69-40A3-9322-F223E4A29702}"
EndProject
Project("{FAE04EC0-301F-11D3-BF4B-00C04F79EFBC}") = "RealEstate_Dapper_UI", "RealEstate_Dapper_UI\RealEstate_Dapper_UI.csproj", "{FB183E07-1180-4236-A05B-ED3790A9A758}"
EndProject
Global
	GlobalSection(SolutionConfigurationPlatforms) = preSolution
		Debug|Any CPU = Debug|Any CPU
		Release|Any CPU = Release|Any CPU
	EndGlobalSection
	GlobalSection(ProjectConfigurationPlatforms) = postSolution
		{F9EF970F-5B69-40A3-9322-F223E4A29702}.Debug|Any CPU.ActiveCfg = Debug|Any CPU
		{F9EF970F-5B69-40A3-9322-F223E4A29702}.Debug|Any CPU.Build.0 = Debug|Any CPU
		{F9EF970F-5B69-40A3-9322-F223E4A29702}.Release|Any CPU.ActiveCfg = Release|Any CPU
		{F9EF970F-5B69-40A3-9322-F223E4A29702}.Release|Any CPU.Build.0 = Release|Any CPU
		{FB183E07-1180-4236-A05B-ED3790A9A758}.Debug|Any CPU.ActiveCfg = Debug|Any CPU
		{FB183E07-1180-4236-A05B-ED3790A9A758}.Debug|Any CPU.Build.0 = Debug|Any CPU
		{FB183E07-1180-4236-A05B-ED3790A9A758}.Release|Any CPU.ActiveCfg = Release|Any CPU
		{FB183E07-1180-4236-A05B-ED3790A9A758}.Release|Any CPU.Build.0 = Release|Any CPU
	EndGlobalSection
	GlobalSection(SolutionProperties) = preSolution
		HideSolutionNode = FALSE
	EndGlobalSection
	GlobalSection(ExtensibilityGlobals) = postSolution
		SolutionGuid = {A50B05E9-5B1F-4093-A177-8E445114ABE1}
	EndGlobalSection
EndGlobal
